// !$*UTF8*$!
{
	archiveVersion = 1;
	classes = {
	};
	objectVersion = 46;
	objects = {

/* Begin PBXBuildFile section */
		86F71A4B19608640008EE3B7 /* AppDelegate.swift in Sources */ = {isa = PBXBuildFile; fileRef = 86F71A4A19608640008EE3B7 /* AppDelegate.swift */; };
		86F71A4D19608640008EE3B7 /* Images.xcassets in Resources */ = {isa = PBXBuildFile; fileRef = 86F71A4C19608640008EE3B7 /* Images.xcassets */; };
		86F71A5919608640008EE3B7 /* SwifferAppTests.swift in Sources */ = {isa = PBXBuildFile; fileRef = 86F71A5819608640008EE3B7 /* SwifferAppTests.swift */; };
		86F71A6319608662008EE3B7 /* AudioToolbox.framework in Frameworks */ = {isa = PBXBuildFile; fileRef = 86F71A6219608662008EE3B7 /* AudioToolbox.framework */; };
		86F71A6519608672008EE3B7 /* CFNetwork.framework in Frameworks */ = {isa = PBXBuildFile; fileRef = 86F71A6419608672008EE3B7 /* CFNetwork.framework */; };
		86F71A6719608677008EE3B7 /* CoreGraphics.framework in Frameworks */ = {isa = PBXBuildFile; fileRef = 86F71A6619608677008EE3B7 /* CoreGraphics.framework */; };
		86F71A691960867D008EE3B7 /* CoreLocation.framework in Frameworks */ = {isa = PBXBuildFile; fileRef = 86F71A681960867D008EE3B7 /* CoreLocation.framework */; };
		86F71A6B19608683008EE3B7 /* libz.dylib in Frameworks */ = {isa = PBXBuildFile; fileRef = 86F71A6A19608683008EE3B7 /* libz.dylib */; };
		86F71A6D1960868A008EE3B7 /* MobileCoreServices.framework in Frameworks */ = {isa = PBXBuildFile; fileRef = 86F71A6C1960868A008EE3B7 /* MobileCoreServices.framework */; };
		86F71A6F19608691008EE3B7 /* QuartzCore.framework in Frameworks */ = {isa = PBXBuildFile; fileRef = 86F71A6E19608691008EE3B7 /* QuartzCore.framework */; };
		86F71A7119608697008EE3B7 /* Security.framework in Frameworks */ = {isa = PBXBuildFile; fileRef = 86F71A7019608697008EE3B7 /* Security.framework */; };
		86F71A731960869D008EE3B7 /* StoreKit.framework in Frameworks */ = {isa = PBXBuildFile; fileRef = 86F71A721960869D008EE3B7 /* StoreKit.framework */; };
		86F71A75196086A3008EE3B7 /* SystemConfiguration.framework in Frameworks */ = {isa = PBXBuildFile; fileRef = 86F71A74196086A3008EE3B7 /* SystemConfiguration.framework */; };
		86F71A77196086C0008EE3B7 /* Parse.framework in Frameworks */ = {isa = PBXBuildFile; fileRef = 86F71A76196086C0008EE3B7 /* Parse.framework */; };
		86F71A7D1960885E008EE3B7 /* Storyboard.storyboard in Resources */ = {isa = PBXBuildFile; fileRef = 86F71A7C1960885E008EE3B7 /* Storyboard.storyboard */; };
		86F71A7F19608A73008EE3B7 /* TimelineTableViewController.swift in Sources */ = {isa = PBXBuildFile; fileRef = 86F71A7E19608A73008EE3B7 /* TimelineTableViewController.swift */; };
		86F71A8119608AAE008EE3B7 /* ComposeViewController.swift in Sources */ = {isa = PBXBuildFile; fileRef = 86F71A8019608AAE008EE3B7 /* ComposeViewController.swift */; };
		86F71A8319608BB6008EE3B7 /* SweetTableViewCell.swift in Sources */ = {isa = PBXBuildFile; fileRef = 86F71A8219608BB6008EE3B7 /* SweetTableViewCell.swift */; };
/* End PBXBuildFile section */

/* Begin PBXContainerItemProxy section */
		86F71A5319608640008EE3B7 /* PBXContainerItemProxy */ = {
			isa = PBXContainerItemProxy;
			containerPortal = 86F71A3D19608640008EE3B7 /* Project object */;
			proxyType = 1;
			remoteGlobalIDString = 86F71A4419608640008EE3B7;
			remoteInfo = SwifferApp;
		};
/* End PBXContainerItemProxy section */

/* Begin PBXFileReference section */
		86F71A4519608640008EE3B7 /* SwifferApp.app */ = {isa = PBXFileReference; explicitFileType = wrapper.application; includeInIndex = 0; path = SwifferApp.app; sourceTree = BUILT_PRODUCTS_DIR; };
		86F71A4919608640008EE3B7 /* Info.plist */ = {isa = PBXFileReference; lastKnownFileType = text.plist.xml; path = Info.plist; sourceTree = "<group>"; };
		86F71A4A19608640008EE3B7 /* AppDelegate.swift */ = {isa = PBXFileReference; lastKnownFileType = sourcecode.swift; path = AppDelegate.swift; sourceTree = "<group>"; };
		86F71A4C19608640008EE3B7 /* Images.xcassets */ = {isa = PBXFileReference; lastKnownFileType = folder.assetcatalog; path = Images.xcassets; sourceTree = "<group>"; };
		86F71A5219608640008EE3B7 /* SwifferAppTests.xctest */ = {isa = PBXFileReference; explicitFileType = wrapper.cfbundle; includeInIndex = 0; path = SwifferAppTests.xctest; sourceTree = BUILT_PRODUCTS_DIR; };
		86F71A5719608640008EE3B7 /* Info.plist */ = {isa = PBXFileReference; lastKnownFileType = text.plist.xml; path = Info.plist; sourceTree = "<group>"; };
		86F71A5819608640008EE3B7 /* SwifferAppTests.swift */ = {isa = PBXFileReference; lastKnownFileType = sourcecode.swift; path = SwifferAppTests.swift; sourceTree = "<group>"; };
		86F71A6219608662008EE3B7 /* AudioToolbox.framework */ = {isa = PBXFileReference; lastKnownFileType = wrapper.framework; name = AudioToolbox.framework; path = System/Library/Frameworks/AudioToolbox.framework; sourceTree = SDKROOT; };
		86F71A6419608672008EE3B7 /* CFNetwork.framework */ = {isa = PBXFileReference; lastKnownFileType = wrapper.framework; name = CFNetwork.framework; path = System/Library/Frameworks/CFNetwork.framework; sourceTree = SDKROOT; };
		86F71A6619608677008EE3B7 /* CoreGraphics.framework */ = {isa = PBXFileReference; lastKnownFileType = wrapper.framework; name = CoreGraphics.framework; path = System/Library/Frameworks/CoreGraphics.framework; sourceTree = SDKROOT; };
		86F71A681960867D008EE3B7 /* CoreLocation.framework */ = {isa = PBXFileReference; lastKnownFileType = wrapper.framework; name = CoreLocation.framework; path = System/Library/Frameworks/CoreLocation.framework; sourceTree = SDKROOT; };
		86F71A6A19608683008EE3B7 /* libz.dylib */ = {isa = PBXFileReference; lastKnownFileType = "compiled.mach-o.dylib"; name = libz.dylib; path = usr/lib/libz.dylib; sourceTree = SDKROOT; };
		86F71A6C1960868A008EE3B7 /* MobileCoreServices.framework */ = {isa = PBXFileReference; lastKnownFileType = wrapper.framework; name = MobileCoreServices.framework; path = System/Library/Frameworks/MobileCoreServices.framework; sourceTree = SDKROOT; };
		86F71A6E19608691008EE3B7 /* QuartzCore.framework */ = {isa = PBXFileReference; lastKnownFileType = wrapper.framework; name = QuartzCore.framework; path = System/Library/Frameworks/QuartzCore.framework; sourceTree = SDKROOT; };
		86F71A7019608697008EE3B7 /* Security.framework */ = {isa = PBXFileReference; lastKnownFileType = wrapper.framework; name = Security.framework; path = System/Library/Frameworks/Security.framework; sourceTree = SDKROOT; };
		86F71A721960869D008EE3B7 /* StoreKit.framework */ = {isa = PBXFileReference; lastKnownFileType = wrapper.framework; name = StoreKit.framework; path = System/Library/Frameworks/StoreKit.framework; sourceTree = SDKROOT; };
		86F71A74196086A3008EE3B7 /* SystemConfiguration.framework */ = {isa = PBXFileReference; lastKnownFileType = wrapper.framework; name = SystemConfiguration.framework; path = System/Library/Frameworks/SystemConfiguration.framework; sourceTree = SDKROOT; };
		86F71A76196086C0008EE3B7 /* Parse.framework */ = {isa = PBXFileReference; lastKnownFileType = wrapper.framework; path = Parse.framework; sourceTree = "<group>"; };
		86F71A7919608718008EE3B7 /* SwifferApp-Bridging-Header.h */ = {isa = PBXFileReference; lastKnownFileType = sourcecode.c.h; path = "SwifferApp-Bridging-Header.h"; sourceTree = "<group>"; };
		86F71A7C1960885E008EE3B7 /* Storyboard.storyboard */ = {isa = PBXFileReference; fileEncoding = 4; lastKnownFileType = file.storyboard; path = Storyboard.storyboard; sourceTree = "<group>"; };
		86F71A7E19608A73008EE3B7 /* TimelineTableViewController.swift */ = {isa = PBXFileReference; fileEncoding = 4; lastKnownFileType = sourcecode.swift; path = TimelineTableViewController.swift; sourceTree = "<group>"; };
		86F71A8019608AAE008EE3B7 /* ComposeViewController.swift */ = {isa = PBXFileReference; fileEncoding = 4; lastKnownFileType = sourcecode.swift; path = ComposeViewController.swift; sourceTree = "<group>"; };
		86F71A8219608BB6008EE3B7 /* SweetTableViewCell.swift */ = {isa = PBXFileReference; fileEncoding = 4; lastKnownFileType = sourcecode.swift; path = SweetTableViewCell.swift; sourceTree = "<group>"; };
/* End PBXFileReference section */

/* Begin PBXFrameworksBuildPhase section */
		86F71A4219608640008EE3B7 /* Frameworks */ = {
			isa = PBXFrameworksBuildPhase;
			buildActionMask = 2147483647;
			files = (
				86F71A75196086A3008EE3B7 /* SystemConfiguration.framework in Frameworks */,
				86F71A731960869D008EE3B7 /* StoreKit.framework in Frameworks */,
				86F71A7119608697008EE3B7 /* Security.framework in Frameworks */,
				86F71A6F19608691008EE3B7 /* QuartzCore.framework in Frameworks */,
				86F71A6D1960868A008EE3B7 /* MobileCoreServices.framework in Frameworks */,
				86F71A6B19608683008EE3B7 /* libz.dylib in Frameworks */,
				86F71A77196086C0008EE3B7 /* Parse.framework in Frameworks */,
				86F71A691960867D008EE3B7 /* CoreLocation.framework in Frameworks */,
				86F71A6719608677008EE3B7 /* CoreGraphics.framework in Frameworks */,
				86F71A6519608672008EE3B7 /* CFNetwork.framework in Frameworks */,
				86F71A6319608662008EE3B7 /* AudioToolbox.framework in Frameworks */,
			);
			runOnlyForDeploymentPostprocessing = 0;
		};
		86F71A4F19608640008EE3B7 /* Frameworks */ = {
			isa = PBXFrameworksBuildPhase;
			buildActionMask = 2147483647;
			files = (
			);
			runOnlyForDeploymentPostprocessing = 0;
		};
/* End PBXFrameworksBuildPhase section */

/* Begin PBXGroup section */
		86F71A3C19608640008EE3B7 = {
			isa = PBXGroup;
			children = (
				86F71A78196086D0008EE3B7 /* Frameworks */,
				86F71A4719608640008EE3B7 /* SwifferApp */,
				86F71A5519608640008EE3B7 /* SwifferAppTests */,
				86F71A4619608640008EE3B7 /* Products */,
			);
			sourceTree = "<group>";
		};
		86F71A4619608640008EE3B7 /* Products */ = {
			isa = PBXGroup;
			children = (
				86F71A4519608640008EE3B7 /* SwifferApp.app */,
				86F71A5219608640008EE3B7 /* SwifferAppTests.xctest */,
			);
			name = Products;
			sourceTree = "<group>";
		};
		86F71A4719608640008EE3B7 /* SwifferApp */ = {
			isa = PBXGroup;
			children = (
				86F71A4A19608640008EE3B7 /* AppDelegate.swift */,
				86F71A7E19608A73008EE3B7 /* TimelineTableViewController.swift */,
				86F71A8019608AAE008EE3B7 /* ComposeViewController.swift */,
				86F71A8219608BB6008EE3B7 /* SweetTableViewCell.swift */,
				86F71A7C1960885E008EE3B7 /* Storyboard.storyboard */,
				86F71A7919608718008EE3B7 /* SwifferApp-Bridging-Header.h */,
				86F71A4C19608640008EE3B7 /* Images.xcassets */,
				86F71A4819608640008EE3B7 /* Supporting Files */,
			);
			path = SwifferApp;
			sourceTree = "<group>";
		};
		86F71A4819608640008EE3B7 /* Supporting Files */ = {
			isa = PBXGroup;
			children = (
				86F71A4919608640008EE3B7 /* Info.plist */,
			);
			name = "Supporting Files";
			sourceTree = "<group>";
		};
		86F71A5519608640008EE3B7 /* SwifferAppTests */ = {
			isa = PBXGroup;
			children = (
				86F71A5819608640008EE3B7 /* SwifferAppTests.swift */,
				86F71A5619608640008EE3B7 /* Supporting Files */,
			);
			path = SwifferAppTests;
			sourceTree = "<group>";
		};
		86F71A5619608640008EE3B7 /* Supporting Files */ = {
			isa = PBXGroup;
			children = (
				86F71A5719608640008EE3B7 /* Info.plist */,
			);
			name = "Supporting Files";
			sourceTree = "<group>";
		};
		86F71A78196086D0008EE3B7 /* Frameworks */ = {
			isa = PBXGroup;
			children = (
				86F71A76196086C0008EE3B7 /* Parse.framework */,
				86F71A74196086A3008EE3B7 /* SystemConfiguration.framework */,
				86F71A721960869D008EE3B7 /* StoreKit.framework */,
				86F71A7019608697008EE3B7 /* Security.framework */,
				86F71A6E19608691008EE3B7 /* QuartzCore.framework */,
				86F71A6C1960868A008EE3B7 /* MobileCoreServices.framework */,
				86F71A6A19608683008EE3B7 /* libz.dylib */,
				86F71A681960867D008EE3B7 /* CoreLocation.framework */,
				86F71A6619608677008EE3B7 /* CoreGraphics.framework */,
				86F71A6419608672008EE3B7 /* CFNetwork.framework */,
				86F71A6219608662008EE3B7 /* AudioToolbox.framework */,
			);
			name = Frameworks;
			sourceTree = "<group>";
		};
/* End PBXGroup section */

/* Begin PBXNativeTarget section */
		86F71A4419608640008EE3B7 /* SwifferApp */ = {
			isa = PBXNativeTarget;
			buildConfigurationList = 86F71A5C19608640008EE3B7 /* Build configuration list for PBXNativeTarget "SwifferApp" */;
			buildPhases = (
				86F71A4119608640008EE3B7 /* Sources */,
				86F71A4219608640008EE3B7 /* Frameworks */,
				86F71A4319608640008EE3B7 /* Resources */,
			);
			buildRules = (
			);
			dependencies = (
			);
			name = SwifferApp;
			productName = SwifferApp;
			productReference = 86F71A4519608640008EE3B7 /* SwifferApp.app */;
			productType = "com.apple.product-type.application";
		};
		86F71A5119608640008EE3B7 /* SwifferAppTests */ = {
			isa = PBXNativeTarget;
			buildConfigurationList = 86F71A5F19608640008EE3B7 /* Build configuration list for PBXNativeTarget "SwifferAppTests" */;
			buildPhases = (
				86F71A4E19608640008EE3B7 /* Sources */,
				86F71A4F19608640008EE3B7 /* Frameworks */,
				86F71A5019608640008EE3B7 /* Resources */,
			);
			buildRules = (
			);
			dependencies = (
				86F71A5419608640008EE3B7 /* PBXTargetDependency */,
			);
			name = SwifferAppTests;
			productName = SwifferAppTests;
			productReference = 86F71A5219608640008EE3B7 /* SwifferAppTests.xctest */;
			productType = "com.apple.product-type.bundle.unit-test";
		};
/* End PBXNativeTarget section */

/* Begin PBXProject section */
		86F71A3D19608640008EE3B7 /* Project object */ = {
			isa = PBXProject;
			attributes = {
				LastUpgradeCheck = 0600;
				ORGANIZATIONNAME = Training;
				TargetAttributes = {
					86F71A4419608640008EE3B7 = {
						CreatedOnToolsVersion = 6.0;
					};
					86F71A5119608640008EE3B7 = {
						CreatedOnToolsVersion = 6.0;
						TestTargetID = 86F71A4419608640008EE3B7;
					};
				};
			};
			buildConfigurationList = 86F71A4019608640008EE3B7 /* Build configuration list for PBXProject "SwifferApp" */;
			compatibilityVersion = "Xcode 3.2";
			developmentRegion = English;
			hasScannedForEncodings = 0;
			knownRegions = (
				en,
			);
			mainGroup = 86F71A3C19608640008EE3B7;
			productRefGroup = 86F71A4619608640008EE3B7 /* Products */;
			projectDirPath = "";
			projectRoot = "";
			targets = (
				86F71A4419608640008EE3B7 /* SwifferApp */,
				86F71A5119608640008EE3B7 /* SwifferAppTests */,
			);
		};
/* End PBXProject section */

/* Begin PBXResourcesBuildPhase section */
		86F71A4319608640008EE3B7 /* Resources */ = {
			isa = PBXResourcesBuildPhase;
			buildActionMask = 2147483647;
			files = (
				86F71A4D19608640008EE3B7 /* Images.xcassets in Resources */,
				86F71A7D1960885E008EE3B7 /* Storyboard.storyboard in Resources */,
			);
			runOnlyForDeploymentPostprocessing = 0;
		};
		86F71A5019608640008EE3B7 /* Resources */ = {
			isa = PBXResourcesBuildPhase;
			buildActionMask = 2147483647;
			files = (
			);
			runOnlyForDeploymentPostprocessing = 0;
		};
/* End PBXResourcesBuildPhase section */

/* Begin PBXSourcesBuildPhase section */
		86F71A4119608640008EE3B7 /* Sources */ = {
			isa = PBXSourcesBuildPhase;
			buildActionMask = 2147483647;
			files = (
				86F71A8119608AAE008EE3B7 /* ComposeViewController.swift in Sources */,
				86F71A7F19608A73008EE3B7 /* TimelineTableViewController.swift in Sources */,
				86F71A8319608BB6008EE3B7 /* SweetTableViewCell.swift in Sources */,
				86F71A4B19608640008EE3B7 /* AppDelegate.swift in Sources */,
			);
			runOnlyForDeploymentPostprocessing = 0;
		};
		86F71A4E19608640008EE3B7 /* Sources */ = {
			isa = PBXSourcesBuildPhase;
			buildActionMask = 2147483647;
			files = (
				86F71A5919608640008EE3B7 /* SwifferAppTests.swift in Sources */,
			);
			runOnlyForDeploymentPostprocessing = 0;
		};
/* End PBXSourcesBuildPhase section */

/* Begin PBXTargetDependency section */
		86F71A5419608640008EE3B7 /* PBXTargetDependency */ = {
			isa = PBXTargetDependency;
			target = 86F71A4419608640008EE3B7 /* SwifferApp */;
			targetProxy = 86F71A5319608640008EE3B7 /* PBXContainerItemProxy */;
		};
/* End PBXTargetDependency section */

/* Begin XCBuildConfiguration section */
		86F71A5A19608640008EE3B7 /* Debug */ = {
			isa = XCBuildConfiguration;
			buildSettings = {
				ALWAYS_SEARCH_USER_PATHS = NO;
				CLANG_CXX_LANGUAGE_STANDARD = "gnu++0x";
				CLANG_CXX_LIBRARY = "libc++";
				CLANG_ENABLE_MODULES = YES;
				CLANG_ENABLE_OBJC_ARC = YES;
				CLANG_WARN_BOOL_CONVERSION = YES;
				CLANG_WARN_CONSTANT_CONVERSION = YES;
				CLANG_WARN_DIRECT_OBJC_ISA_USAGE = YES_ERROR;
				CLANG_WARN_EMPTY_BODY = YES;
				CLANG_WARN_ENUM_CONVERSION = YES;
				CLANG_WARN_INT_CONVERSION = YES;
				CLANG_WARN_OBJC_ROOT_CLASS = YES_ERROR;
				CLANG_WARN_UNREACHABLE_CODE = YES;
				CLANG_WARN__DUPLICATE_METHOD_MATCH = YES;
				"CODE_SIGN_IDENTITY[sdk=iphoneos*]" = "iPhone Developer";
				COPY_PHASE_STRIP = NO;
				ENABLE_STRICT_OBJC_MSGSEND = YES;
				GCC_C_LANGUAGE_STANDARD = gnu99;
				GCC_DYNAMIC_NO_PIC = NO;
				GCC_OPTIMIZATION_LEVEL = 0;
				GCC_PREPROCESSOR_DEFINITIONS = (
					"DEBUG=1",
					"$(inherited)",
				);
				GCC_SYMBOLS_PRIVATE_EXTERN = NO;
				GCC_WARN_64_TO_32_BIT_CONVERSION = YES;
				GCC_WARN_ABOUT_RETURN_TYPE = YES_ERROR;
				GCC_WARN_UNDECLARED_SELECTOR = YES;
				GCC_WARN_UNINITIALIZED_AUTOS = YES_AGGRESSIVE;
				GCC_WARN_UNUSED_FUNCTION = YES;
				GCC_WARN_UNUSED_VARIABLE = YES;
				IPHONEOS_DEPLOYMENT_TARGET = 8.0;
				METAL_ENABLE_DEBUG_INFO = YES;
				ONLY_ACTIVE_ARCH = YES;
				SDKROOT = iphoneos;
				SWIFT_OPTIMIZATION_LEVEL = "-Onone";
			};
			name = Debug;
		};
		86F71A5B19608640008EE3B7 /* Release */ = {
			isa = XCBuildConfiguration;
			buildSettings = {
				ALWAYS_SEARCH_USER_PATHS = NO;
				CLANG_CXX_LANGUAGE_STANDARD = "gnu++0x";
				CLANG_CXX_LIBRARY = "libc++";
				CLANG_ENABLE_MODULES = YES;
				CLANG_ENABLE_OBJC_ARC = YES;
				CLANG_WARN_BOOL_CONVERSION = YES;
				CLANG_WARN_CONSTANT_CONVERSION = YES;
				CLANG_WARN_DIRECT_OBJC_ISA_USAGE = YES_ERROR;
				CLANG_WARN_EMPTY_BODY = YES;
				CLANG_WARN_ENUM_CONVERSION = YES;
				CLANG_WARN_INT_CONVERSION = YES;
				CLANG_WARN_OBJC_ROOT_CLASS = YES_ERROR;
				CLANG_WARN_UNREACHABLE_CODE = YES;
				CLANG_WARN__DUPLICATE_METHOD_MATCH = YES;
				"CODE_SIGN_IDENTITY[sdk=iphoneos*]" = "iPhone Developer";
				COPY_PHASE_STRIP = YES;
				ENABLE_NS_ASSERTIONS = NO;
				ENABLE_STRICT_OBJC_MSGSEND = YES;
				GCC_C_LANGUAGE_STANDARD = gnu99;
				GCC_WARN_64_TO_32_BIT_CONVERSION = YES;
				GCC_WARN_ABOUT_RETURN_TYPE = YES_ERROR;
				GCC_WARN_UNDECLARED_SELECTOR = YES;
				GCC_WARN_UNINITIALIZED_AUTOS = YES_AGGRESSIVE;
				GCC_WARN_UNUSED_FUNCTION = YES;
				GCC_WARN_UNUSED_VARIABLE = YES;
				IPHONEOS_DEPLOYMENT_TARGET = 8.0;
				METAL_ENABLE_DEBUG_INFO = NO;
				SDKROOT = iphoneos;
				VALIDATE_PRODUCT = YES;
			};
			name = Release;
		};
		86F71A5D19608640008EE3B7 /* Debug */ = {
			isa = XCBuildConfiguration;
			buildSettings = {
				ASSETCATALOG_COMPILER_APPICON_NAME = AppIcon;
				ASSETCATALOG_COMPILER_LAUNCHIMAGE_NAME = LaunchImage;
				CLANG_ENABLE_MODULES = YES;
				FRAMEWORK_SEARCH_PATHS = (
					"$(inherited)",
					"$(PROJECT_DIR)",
				);
				INFOPLIST_FILE = SwifferApp/Info.plist;
				LD_RUNPATH_SEARCH_PATHS = "$(inherited) @executable_path/Frameworks";
				PRODUCT_NAME = "$(TARGET_NAME)";
				SWIFT_OBJC_BRIDGING_HEADER = "SwifferApp/SwifferApp-Bridging-Header.h";
				SWIFT_OPTIMIZATION_LEVEL = "-Onone";
			};
			name = Debug;
		};
		86F71A5E19608640008EE3B7 /* Release */ = {
			isa = XCBuildConfiguration;
			buildSettings = {
				ASSETCATALOG_COMPILER_APPICON_NAME = AppIcon;
				ASSETCATALOG_COMPILER_LAUNCHIMAGE_NAME = LaunchImage;
				CLANG_ENABLE_MODULES = YES;
				FRAMEWORK_SEARCH_PATHS = (
					"$(inherited)",
					"$(PROJECT_DIR)",
				);
				INFOPLIST_FILE = SwifferApp/Info.plist;
				LD_RUNPATH_SEARCH_PATHS = "$(inherited) @executable_path/Frameworks";
				PRODUCT_NAME = "$(TARGET_NAME)";
				SWIFT_OBJC_BRIDGING_HEADER = "SwifferApp/SwifferApp-Bridging-Header.h";
			};
			name = Release;
		};
		86F71A6019608640008EE3B7 /* Debug */ = {
			isa = XCBuildConfiguration;
			buildSettings = {
				BUNDLE_LOADER = "$(BUILT_PRODUCTS_DIR)/SwifferApp.app/SwifferApp";
				FRAMEWORK_SEARCH_PATHS = (
					"$(SDKROOT)/Developer/Library/Frameworks",
					"$(inherited)",
				);
				GCC_PREPROCESSOR_DEFINITIONS = (
					"DEBUG=1",
					"$(inherited)",
				);
				INFOPLIST_FILE = SwifferAppTests/Info.plist;
				LD_RUNPATH_SEARCH_PATHS = "$(inherited) @executable_path/Frameworks @loader_path/Frameworks";
				METAL_ENABLE_DEBUG_INFO = YES;
				PRODUCT_NAME = "$(TARGET_NAME)";
				TEST_HOST = "$(BUNDLE_LOADER)";
			};
			name = Debug;
		};
		86F71A6119608640008EE3B7 /* Release */ = {
			isa = XCBuildConfiguration;
			buildSettings = {
				BUNDLE_LOADER = "$(BUILT_PRODUCTS_DIR)/SwifferApp.app/SwifferApp";
				FRAMEWORK_SEARCH_PATHS = (
					"$(SDKROOT)/Developer/Library/Frameworks",
					"$(inherited)",
				);
				INFOPLIST_FILE = SwifferAppTests/Info.plist;
				LD_RUNPATH_SEARCH_PATHS = "$(inherited) @executable_path/Frameworks @loader_path/Frameworks";
				METAL_ENABLE_DEBUG_INFO = NO;
				PRODUCT_NAME = "$(TARGET_NAME)";
				TEST_HOST = "$(BUNDLE_LOADER)";
			};
			name = Release;
		};
/* End XCBuildConfiguration section */

/* Begin XCConfigurationList section */
		86F71A4019608640008EE3B7 /* Build configuration list for PBXProject "SwifferApp" */ = {
			isa = XCConfigurationList;
			buildConfigurations = (
				86F71A5A19608640008EE3B7 /* Debug */,
				86F71A5B19608640008EE3B7 /* Release */,
			);
			defaultConfigurationIsVisible = 0;
			defaultConfigurationName = Release;
		};
		86F71A5C19608640008EE3B7 /* Build configuration list for PBXNativeTarget "SwifferApp" */ = {
			isa = XCConfigurationList;
			buildConfigurations = (
				86F71A5D19608640008EE3B7 /* Debug */,
				86F71A5E19608640008EE3B7 /* Release */,
			);
			defaultConfigurationIsVisible = 0;
		};
		86F71A5F19608640008EE3B7 /* Build configuration list for PBXNativeTarget "SwifferAppTests" */ = {
			isa = XCConfigurationList;
			buildConfigurations = (
				86F71A6019608640008EE3B7 /* Debug */,
				86F71A6119608640008EE3B7 /* Release */,
			);
			defaultConfigurationIsVisible = 0;
		};
/* End XCConfigurationList section */
	};
	rootObject = 86F71A3D19608640008EE3B7 /* Project object */;
}
